github.com/tpavel-aspose/hugo-module-fileformat-shortcodes v1.1.1/go.mod h1:cl9XTQRiSlNNjoFTzfkV2LFFqdzHhzaOviY3hoRVmCo=
github.com/tpavel-aspose/hugo-module-local-editor v1.0.1/go.mod h1:JPdickKRfytBanaIea8B+gOKa0gC/n2cwrLbgoMwP64=
github.com/tpavel-aspose/hugo-module-nginx-redirects v1.1.0 h1:eAATzgWumD+MU8RHKpVhJX/skzKjWmj0ZIRDhBgy6YA=
github.com/tpavel-aspose/hugo-module-nginx-redirects v1.1.0/go.mod h1:b9csTz5VKm9gI3mkxvss6BC39k1rJFppabG78JMNOfA=
github.com/tpavel-aspose/lutsk-aspose-theme v1.3.0/go.mod h1:lLtfPpLs7ZW6gwpXMh8b1JNfZ3Y6XmrCeSXjIiXjHNs=
